
Microsoft Visual Studio Solution File, Format Version 12.00
# Visual Studio Version 17
VisualStudioVersion = 17.3.32929.385
MinimumVisualStudioVersion = 10.0.40219.1
Project("{FAE04EC0-301F-11D3-BF4B-00C04F79EFBC}") = "Average of Levels in Binary Tree 637", "Average of Levels in Binary Tree 637\Average of Levels in Binary Tree 637.csproj", "{480CD437-4382-4B99-936F-192522888101}"
EndProject
Global
	GlobalSection(SolutionConfigurationPlatforms) = preSolution
		Debug|Any CPU = Debug|Any CPU
		Release|Any CPU = Release|Any CPU
	EndGlobalSection
	GlobalSection(ProjectConfigurationPlatforms) = postSolution
		{480CD437-4382-4B99-936F-192522888101}.Debug|Any CPU.ActiveCfg = Debug|Any CPU
		{480CD437-4382-4B99-936F-192522888101}.Debug|Any CPU.Build.0 = Debug|Any CPU
		{480CD437-4382-4B99-936F-192522888101}.Release|Any CPU.ActiveCfg = Release|Any CPU
		{480CD437-4382-4B99-936F-192522888101}.Release|Any CPU.Build.0 = Release|Any CPU
	EndGlobalSection
	GlobalSection(SolutionProperties) = preSolution
		HideSolutionNode = FALSE
	EndGlobalSection
	GlobalSection(ExtensibilityGlobals) = postSolution
		SolutionGuid = {A275E5E7-3908-4A34-903C-BBFFBB58FFC0}
	EndGlobalSection
EndGlobal
