
Microsoft Visual Studio Solution File, Format Version 12.00
# Visual Studio Version 17
VisualStudioVersion = 17.3.32929.385
MinimumVisualStudioVersion = 10.0.40219.1
Project("{FAE04EC0-301F-11D3-BF4B-00C04F79EFBC}") = "Remove Letter To Equalize Frequency 2423", "Remove Letter To Equalize Frequency 2423\Remove Letter To Equalize Frequency 2423.csproj", "{FC660497-2859-4652-861F-1FFFD623A03B}"
EndProject
Global
	GlobalSection(SolutionConfigurationPlatforms) = preSolution
		Debug|Any CPU = Debug|Any CPU
		Release|Any CPU = Release|Any CPU
	EndGlobalSection
	GlobalSection(ProjectConfigurationPlatforms) = postSolution
		{FC660497-2859-4652-861F-1FFFD623A03B}.Debug|Any CPU.ActiveCfg = Debug|Any CPU
		{FC660497-2859-4652-861F-1FFFD623A03B}.Debug|Any CPU.Build.0 = Debug|Any CPU
		{FC660497-2859-4652-861F-1FFFD623A03B}.Release|Any CPU.ActiveCfg = Release|Any CPU
		{FC660497-2859-4652-861F-1FFFD623A03B}.Release|Any CPU.Build.0 = Release|Any CPU
	EndGlobalSection
	GlobalSection(SolutionProperties) = preSolution
		HideSolutionNode = FALSE
	EndGlobalSection
	GlobalSection(ExtensibilityGlobals) = postSolution
		SolutionGuid = {F95AE33B-14B0-4A8C-91EA-D140449EABC1}
	EndGlobalSection
EndGlobal
