
Microsoft Visual Studio Solution File, Format Version 12.00
# Visual Studio Version 17
VisualStudioVersion = 17.3.32929.385
MinimumVisualStudioVersion = 10.0.40219.1
Project("{FAE04EC0-301F-11D3-BF4B-00C04F79EFBC}") = "2011. Final Value of Variable After Performing Operations", "2011. Final Value of Variable After Performing Operations\2011. Final Value of Variable After Performing Operations.csproj", "{4105474E-7E2B-4745-9FA0-D269BF470B65}"
EndProject
Global
	GlobalSection(SolutionConfigurationPlatforms) = preSolution
		Debug|Any CPU = Debug|Any CPU
		Release|Any CPU = Release|Any CPU
	EndGlobalSection
	GlobalSection(ProjectConfigurationPlatforms) = postSolution
		{4105474E-7E2B-4745-9FA0-D269BF470B65}.Debug|Any CPU.ActiveCfg = Debug|Any CPU
		{4105474E-7E2B-4745-9FA0-D269BF470B65}.Debug|Any CPU.Build.0 = Debug|Any CPU
		{4105474E-7E2B-4745-9FA0-D269BF470B65}.Release|Any CPU.ActiveCfg = Release|Any CPU
		{4105474E-7E2B-4745-9FA0-D269BF470B65}.Release|Any CPU.Build.0 = Release|Any CPU
	EndGlobalSection
	GlobalSection(SolutionProperties) = preSolution
		HideSolutionNode = FALSE
	EndGlobalSection
	GlobalSection(ExtensibilityGlobals) = postSolution
		SolutionGuid = {BC4030DD-A7CE-45FF-8547-B91A92E02C01}
	EndGlobalSection
EndGlobal
