
Microsoft Visual Studio Solution File, Format Version 12.00
# Visual Studio Version 17
VisualStudioVersion = 17.3.32929.385
MinimumVisualStudioVersion = 10.0.40219.1
Project("{FAE04EC0-301F-11D3-BF4B-00C04F79EFBC}") = "Length of Last Word 58", "Length of Last Word 58\Length of Last Word 58.csproj", "{10F4690A-EDB0-444A-9DC6-B323E3FF41BF}"
EndProject
Global
	GlobalSection(SolutionConfigurationPlatforms) = preSolution
		Debug|Any CPU = Debug|Any CPU
		Release|Any CPU = Release|Any CPU
	EndGlobalSection
	GlobalSection(ProjectConfigurationPlatforms) = postSolution
		{10F4690A-EDB0-444A-9DC6-B323E3FF41BF}.Debug|Any CPU.ActiveCfg = Debug|Any CPU
		{10F4690A-EDB0-444A-9DC6-B323E3FF41BF}.Debug|Any CPU.Build.0 = Debug|Any CPU
		{10F4690A-EDB0-444A-9DC6-B323E3FF41BF}.Release|Any CPU.ActiveCfg = Release|Any CPU
		{10F4690A-EDB0-444A-9DC6-B323E3FF41BF}.Release|Any CPU.Build.0 = Release|Any CPU
	EndGlobalSection
	GlobalSection(SolutionProperties) = preSolution
		HideSolutionNode = FALSE
	EndGlobalSection
	GlobalSection(ExtensibilityGlobals) = postSolution
		SolutionGuid = {5E082FFE-3BFE-4BCD-A086-3AF9FE57E39F}
	EndGlobalSection
EndGlobal
